
Microsoft Visual Studio Solution File, Format Version 12.00
# Visual Studio Version 16
VisualStudioVersion = 16.0.31624.102
MinimumVisualStudioVersion = 10.0.40219.1
Project("{FAE04EC0-301F-11D3-BF4B-00C04F79EFBC}") = "SistemaBancario", "SistemaBancario.csproj", "{3B73B7DC-AF5E-4DA0-B5E5-8F558A7DD40F}"
EndProject
Global
	GlobalSection(SolutionConfigurationPlatforms) = preSolution
		Debug|Any CPU = Debug|Any CPU
		Release|Any CPU = Release|Any CPU
	EndGlobalSection
	GlobalSection(ProjectConfigurationPlatforms) = postSolution
		{3B73B7DC-AF5E-4DA0-B5E5-8F558A7DD40F}.Debug|Any CPU.ActiveCfg = Debug|Any CPU
		{3B73B7DC-AF5E-4DA0-B5E5-8F558A7DD40F}.Debug|Any CPU.Build.0 = Debug|Any CPU
		{3B73B7DC-AF5E-4DA0-B5E5-8F558A7DD40F}.Release|Any CPU.ActiveCfg = Release|Any CPU
		{3B73B7DC-AF5E-4DA0-B5E5-8F558A7DD40F}.Release|Any CPU.Build.0 = Release|Any CPU
	EndGlobalSection
	GlobalSection(SolutionProperties) = preSolution
		HideSolutionNode = FALSE
	EndGlobalSection
	GlobalSection(ExtensibilityGlobals) = postSolution
		SolutionGuid = {C7867878-FA8E-4C11-A044-34BE0C2D14BE}
	EndGlobalSection
EndGlobal
